
Microsoft Visual Studio Solution File, Format Version 12.00
# Visual Studio Version 17
VisualStudioVersion = 17.12.35728.132
MinimumVisualStudioVersion = 10.0.40219.1
Project("{FAE04EC0-301F-11D3-BF4B-00C04F79EFBC}") = "CQRSkiv.PublicApi", "CQRSkiv.PublicApi\CQRSkiv.PublicApi.csproj", "{A13139CB-33E1-4D15-BCA9-7DA1E1323000}"
EndProject
Project("{FAE04EC0-301F-11D3-BF4B-00C04F79EFBC}") = "CQRSkiv.Application", "CQRSkiv.Application\CQRSkiv.Application.csproj", "{483AA58B-48EE-450D-8066-2E0BE7BD7AF1}"
EndProject
Project("{FAE04EC0-301F-11D3-BF4B-00C04F79EFBC}") = "CQRSkiv.Core", "CQRSkiv.Core\CQRSkiv.Core.csproj", "{7A885F86-2B32-4B5B-B99A-4934C870EEC1}"
EndProject
Project("{FAE04EC0-301F-11D3-BF4B-00C04F79EFBC}") = "CQRSkiv.Domain", "CQRSkiv.Domain\CQRSkiv.Domain.csproj", "{A8B8ED19-4487-4279-A27C-AAB103D505A8}"
EndProject
Project("{FAE04EC0-301F-11D3-BF4B-00C04F79EFBC}") = "CQRSkiv.Infrastructure", "CQRSkiv.Infrastructure\CQRSkiv.Infrastructure.csproj", "{A38CE34D-1D33-420A-87C1-42FBC645D966}"
EndProject
Project("{FAE04EC0-301F-11D3-BF4B-00C04F79EFBC}") = "service-defaults", "service-defaults\service-defaults.csproj", "{435EFEDC-7499-43AA-877E-240AB69B2DB3}"
EndProject
Project("{FAE04EC0-301F-11D3-BF4B-00C04F79EFBC}") = "CQRSkiv.Apphost", "CQRSkiv.Apphost\CQRSkiv.Apphost.csproj", "{606FB2C7-2DB7-40FC-B53D-8EAEB838F820}"
EndProject
Global
	GlobalSection(SolutionConfigurationPlatforms) = preSolution
		Debug|Any CPU = Debug|Any CPU
		Debug|x64 = Debug|x64
		Debug|x86 = Debug|x86
		Release|Any CPU = Release|Any CPU
		Release|x64 = Release|x64
		Release|x86 = Release|x86
	EndGlobalSection
	GlobalSection(ProjectConfigurationPlatforms) = postSolution
		{A13139CB-33E1-4D15-BCA9-7DA1E1323000}.Debug|Any CPU.ActiveCfg = Debug|Any CPU
		{A13139CB-33E1-4D15-BCA9-7DA1E1323000}.Debug|Any CPU.Build.0 = Debug|Any CPU
		{A13139CB-33E1-4D15-BCA9-7DA1E1323000}.Debug|x64.ActiveCfg = Debug|Any CPU
		{A13139CB-33E1-4D15-BCA9-7DA1E1323000}.Debug|x64.Build.0 = Debug|Any CPU
		{A13139CB-33E1-4D15-BCA9-7DA1E1323000}.Debug|x86.ActiveCfg = Debug|Any CPU
		{A13139CB-33E1-4D15-BCA9-7DA1E1323000}.Debug|x86.Build.0 = Debug|Any CPU
		{A13139CB-33E1-4D15-BCA9-7DA1E1323000}.Release|Any CPU.ActiveCfg = Release|Any CPU
		{A13139CB-33E1-4D15-BCA9-7DA1E1323000}.Release|Any CPU.Build.0 = Release|Any CPU
		{A13139CB-33E1-4D15-BCA9-7DA1E1323000}.Release|x64.ActiveCfg = Release|Any CPU
		{A13139CB-33E1-4D15-BCA9-7DA1E1323000}.Release|x64.Build.0 = Release|Any CPU
		{A13139CB-33E1-4D15-BCA9-7DA1E1323000}.Release|x86.ActiveCfg = Release|Any CPU
		{A13139CB-33E1-4D15-BCA9-7DA1E1323000}.Release|x86.Build.0 = Release|Any CPU
		{483AA58B-48EE-450D-8066-2E0BE7BD7AF1}.Debug|Any CPU.ActiveCfg = Debug|Any CPU
		{483AA58B-48EE-450D-8066-2E0BE7BD7AF1}.Debug|Any CPU.Build.0 = Debug|Any CPU
		{483AA58B-48EE-450D-8066-2E0BE7BD7AF1}.Debug|x64.ActiveCfg = Debug|Any CPU
		{483AA58B-48EE-450D-8066-2E0BE7BD7AF1}.Debug|x64.Build.0 = Debug|Any CPU
		{483AA58B-48EE-450D-8066-2E0BE7BD7AF1}.Debug|x86.ActiveCfg = Debug|Any CPU
		{483AA58B-48EE-450D-8066-2E0BE7BD7AF1}.Debug|x86.Build.0 = Debug|Any CPU
		{483AA58B-48EE-450D-8066-2E0BE7BD7AF1}.Release|Any CPU.ActiveCfg = Release|Any CPU
		{483AA58B-48EE-450D-8066-2E0BE7BD7AF1}.Release|Any CPU.Build.0 = Release|Any CPU
		{483AA58B-48EE-450D-8066-2E0BE7BD7AF1}.Release|x64.ActiveCfg = Release|Any CPU
		{483AA58B-48EE-450D-8066-2E0BE7BD7AF1}.Release|x64.Build.0 = Release|Any CPU
		{483AA58B-48EE-450D-8066-2E0BE7BD7AF1}.Release|x86.ActiveCfg = Release|Any CPU
		{483AA58B-48EE-450D-8066-2E0BE7BD7AF1}.Release|x86.Build.0 = Release|Any CPU
		{7A885F86-2B32-4B5B-B99A-4934C870EEC1}.Debug|Any CPU.ActiveCfg = Debug|Any CPU
		{7A885F86-2B32-4B5B-B99A-4934C870EEC1}.Debug|Any CPU.Build.0 = Debug|Any CPU
		{7A885F86-2B32-4B5B-B99A-4934C870EEC1}.Debug|x64.ActiveCfg = Debug|Any CPU
		{7A885F86-2B32-4B5B-B99A-4934C870EEC1}.Debug|x64.Build.0 = Debug|Any CPU
		{7A885F86-2B32-4B5B-B99A-4934C870EEC1}.Debug|x86.ActiveCfg = Debug|Any CPU
		{7A885F86-2B32-4B5B-B99A-4934C870EEC1}.Debug|x86.Build.0 = Debug|Any CPU
		{7A885F86-2B32-4B5B-B99A-4934C870EEC1}.Release|Any CPU.ActiveCfg = Release|Any CPU
		{7A885F86-2B32-4B5B-B99A-4934C870EEC1}.Release|Any CPU.Build.0 = Release|Any CPU
		{7A885F86-2B32-4B5B-B99A-4934C870EEC1}.Release|x64.ActiveCfg = Release|Any CPU
		{7A885F86-2B32-4B5B-B99A-4934C870EEC1}.Release|x64.Build.0 = Release|Any CPU
		{7A885F86-2B32-4B5B-B99A-4934C870EEC1}.Release|x86.ActiveCfg = Release|Any CPU
		{7A885F86-2B32-4B5B-B99A-4934C870EEC1}.Release|x86.Build.0 = Release|Any CPU
		{A8B8ED19-4487-4279-A27C-AAB103D505A8}.Debug|Any CPU.ActiveCfg = Debug|Any CPU
		{A8B8ED19-4487-4279-A27C-AAB103D505A8}.Debug|Any CPU.Build.0 = Debug|Any CPU
		{A8B8ED19-4487-4279-A27C-AAB103D505A8}.Debug|x64.ActiveCfg = Debug|Any CPU
		{A8B8ED19-4487-4279-A27C-AAB103D505A8}.Debug|x64.Build.0 = Debug|Any CPU
		{A8B8ED19-4487-4279-A27C-AAB103D505A8}.Debug|x86.ActiveCfg = Debug|Any CPU
		{A8B8ED19-4487-4279-A27C-AAB103D505A8}.Debug|x86.Build.0 = Debug|Any CPU
		{A8B8ED19-4487-4279-A27C-AAB103D505A8}.Release|Any CPU.ActiveCfg = Release|Any CPU
		{A8B8ED19-4487-4279-A27C-AAB103D505A8}.Release|Any CPU.Build.0 = Release|Any CPU
		{A8B8ED19-4487-4279-A27C-AAB103D505A8}.Release|x64.ActiveCfg = Release|Any CPU
		{A8B8ED19-4487-4279-A27C-AAB103D505A8}.Release|x64.Build.0 = Release|Any CPU
		{A8B8ED19-4487-4279-A27C-AAB103D505A8}.Release|x86.ActiveCfg = Release|Any CPU
		{A8B8ED19-4487-4279-A27C-AAB103D505A8}.Release|x86.Build.0 = Release|Any CPU
		{A38CE34D-1D33-420A-87C1-42FBC645D966}.Debug|Any CPU.ActiveCfg = Debug|Any CPU
		{A38CE34D-1D33-420A-87C1-42FBC645D966}.Debug|Any CPU.Build.0 = Debug|Any CPU
		{A38CE34D-1D33-420A-87C1-42FBC645D966}.Debug|x64.ActiveCfg = Debug|Any CPU
		{A38CE34D-1D33-420A-87C1-42FBC645D966}.Debug|x64.Build.0 = Debug|Any CPU
		{A38CE34D-1D33-420A-87C1-42FBC645D966}.Debug|x86.ActiveCfg = Debug|Any CPU
		{A38CE34D-1D33-420A-87C1-42FBC645D966}.Debug|x86.Build.0 = Debug|Any CPU
		{A38CE34D-1D33-420A-87C1-42FBC645D966}.Release|Any CPU.ActiveCfg = Release|Any CPU
		{A38CE34D-1D33-420A-87C1-42FBC645D966}.Release|Any CPU.Build.0 = Release|Any CPU
		{A38CE34D-1D33-420A-87C1-42FBC645D966}.Release|x64.ActiveCfg = Release|Any CPU
		{A38CE34D-1D33-420A-87C1-42FBC645D966}.Release|x64.Build.0 = Release|Any CPU
		{A38CE34D-1D33-420A-87C1-42FBC645D966}.Release|x86.ActiveCfg = Release|Any CPU
		{A38CE34D-1D33-420A-87C1-42FBC645D966}.Release|x86.Build.0 = Release|Any CPU
		{435EFEDC-7499-43AA-877E-240AB69B2DB3}.Debug|Any CPU.ActiveCfg = Debug|Any CPU
		{435EFEDC-7499-43AA-877E-240AB69B2DB3}.Debug|Any CPU.Build.0 = Debug|Any CPU
		{435EFEDC-7499-43AA-877E-240AB69B2DB3}.Debug|x64.ActiveCfg = Debug|Any CPU
		{435EFEDC-7499-43AA-877E-240AB69B2DB3}.Debug|x64.Build.0 = Debug|Any CPU
		{435EFEDC-7499-43AA-877E-240AB69B2DB3}.Debug|x86.ActiveCfg = Debug|Any CPU
		{435EFEDC-7499-43AA-877E-240AB69B2DB3}.Debug|x86.Build.0 = Debug|Any CPU
		{435EFEDC-7499-43AA-877E-240AB69B2DB3}.Release|Any CPU.ActiveCfg = Release|Any CPU
		{435EFEDC-7499-43AA-877E-240AB69B2DB3}.Release|Any CPU.Build.0 = Release|Any CPU
		{435EFEDC-7499-43AA-877E-240AB69B2DB3}.Release|x64.ActiveCfg = Release|Any CPU
		{435EFEDC-7499-43AA-877E-240AB69B2DB3}.Release|x64.Build.0 = Release|Any CPU
		{435EFEDC-7499-43AA-877E-240AB69B2DB3}.Release|x86.ActiveCfg = Release|Any CPU
		{435EFEDC-7499-43AA-877E-240AB69B2DB3}.Release|x86.Build.0 = Release|Any CPU
		{606FB2C7-2DB7-40FC-B53D-8EAEB838F820}.Debug|Any CPU.ActiveCfg = Debug|Any CPU
		{606FB2C7-2DB7-40FC-B53D-8EAEB838F820}.Debug|Any CPU.Build.0 = Debug|Any CPU
		{606FB2C7-2DB7-40FC-B53D-8EAEB838F820}.Debug|x64.ActiveCfg = Debug|Any CPU
		{606FB2C7-2DB7-40FC-B53D-8EAEB838F820}.Debug|x64.Build.0 = Debug|Any CPU
		{606FB2C7-2DB7-40FC-B53D-8EAEB838F820}.Debug|x86.ActiveCfg = Debug|Any CPU
		{606FB2C7-2DB7-40FC-B53D-8EAEB838F820}.Debug|x86.Build.0 = Debug|Any CPU
		{606FB2C7-2DB7-40FC-B53D-8EAEB838F820}.Release|Any CPU.ActiveCfg = Release|Any CPU
		{606FB2C7-2DB7-40FC-B53D-8EAEB838F820}.Release|Any CPU.Build.0 = Release|Any CPU
		{606FB2C7-2DB7-40FC-B53D-8EAEB838F820}.Release|x64.ActiveCfg = Release|Any CPU
		{606FB2C7-2DB7-40FC-B53D-8EAEB838F820}.Release|x64.Build.0 = Release|Any CPU
		{606FB2C7-2DB7-40FC-B53D-8EAEB838F820}.Release|x86.ActiveCfg = Release|Any CPU
		{606FB2C7-2DB7-40FC-B53D-8EAEB838F820}.Release|x86.Build.0 = Release|Any CPU
	EndGlobalSection
	GlobalSection(SolutionProperties) = preSolution
		HideSolutionNode = FALSE
	EndGlobalSection
EndGlobal
